
Microsoft Visual Studio Solution File, Format Version 11.00
# Visual Studio 2010
Project("{F184B08F-C81C-45F6-A57F-5ABD9991F28F}") = "tesr", "tesr\tesr.vbproj", "{289BBDE8-DA16-446A-8334-0D1BD6553F65}"
EndProject
Project("{F184B08F-C81C-45F6-A57F-5ABD9991F28F}") = "tesr.Tests", "tesr.Tests\tesr.Tests.vbproj", "{138A6AAD-4B22-42DD-A57F-F336C9FAF1D9}"
EndProject
Global
	GlobalSection(SolutionConfigurationPlatforms) = preSolution
		Debug|Any CPU = Debug|Any CPU
		Release|Any CPU = Release|Any CPU
	EndGlobalSection
	GlobalSection(ProjectConfigurationPlatforms) = postSolution
		{289BBDE8-DA16-446A-8334-0D1BD6553F65}.Debug|Any CPU.ActiveCfg = Debug|Any CPU
		{289BBDE8-DA16-446A-8334-0D1BD6553F65}.Debug|Any CPU.Build.0 = Debug|Any CPU
		{289BBDE8-DA16-446A-8334-0D1BD6553F65}.Release|Any CPU.ActiveCfg = Release|Any CPU
		{289BBDE8-DA16-446A-8334-0D1BD6553F65}.Release|Any CPU.Build.0 = Release|Any CPU
		{138A6AAD-4B22-42DD-A57F-F336C9FAF1D9}.Debug|Any CPU.ActiveCfg = Debug|Any CPU
		{138A6AAD-4B22-42DD-A57F-F336C9FAF1D9}.Debug|Any CPU.Build.0 = Debug|Any CPU
		{138A6AAD-4B22-42DD-A57F-F336C9FAF1D9}.Release|Any CPU.ActiveCfg = Release|Any CPU
		{138A6AAD-4B22-42DD-A57F-F336C9FAF1D9}.Release|Any CPU.Build.0 = Release|Any CPU
	EndGlobalSection
	GlobalSection(SolutionProperties) = preSolution
		HideSolutionNode = FALSE
	EndGlobalSection
EndGlobal
